github.com/TwiN/go-away v1.6.12 h1:80AjDyeTjfQaSFYbALzRcDKMAmxKW0a5PoxwXKZlW2A=
github.com/TwiN/go-away v1.6.12/go.mod h1:MpvIC9Li3minq+CGgbgUDvQ9tDaeW35k5IXZrF9MVas=
github.com/TwiN/go-away v1.6.13-0.20231228032114-f5d608f23576 h1:2chLups8A0/yaPAmp6GbJloQxiJuj52gGsXc9N0wSqU=
github.com/TwiN/go-away v1.6.13-0.20231228032114-f5d608f23576/go.mod h1:MpvIC9Li3minq+CGgbgUDvQ9tDaeW35k5IXZrF9MVas=
github.com/go-sql-driver/mysql v1.7.1 h1:lUIinVbN1DY0xBg0eMOzmmtGoHwWBbvnWubQUrtU8EI=
github.com/go-sql-driver/mysql v1.7.1/go.mod h1:OXbVy3sEdcQ2Doequ6Z5BW6fXNQTmx+9S1MCJN5yJMI=
github.com/golang-migrate/migrate v3.5.4+incompatible h1:R7OzwvCJTCgwapPCiX6DyBiu2czIUMDCB118gFTKTUA=
github.com/golang-migrate/migrate v3.5.4+incompatible/go.mod h1:IsVUlFN5puWOmXrqjgGUfIRIbU7mr8oNBE2tyERd9Wk=
github.com/gorilla/websocket v1.5.0 h1:PPwGk2jz7EePpoHN/+ClbZu8SPxiqlu12wZP/3sWmnc=
github.com/gorilla/websocket v1.5.0/go.mod h1:YR8l580nyteQvAITg2hZ9XVh4b55+EU/adAjf1fMHhE=
golang.org/x/text v0.14.0 h1:ScX5w1eTa3QqT8oi6+ziP7dTV1S2+ALU0bI+0zXKWiQ=
golang.org/x/text v0.14.0/go.mod h1:18ZOQIKpY8NJVqYksKHtTdi31H5itFRjB5/qKTNYzSU=
